
Microsoft Visual Studio Solution File, Format Version 12.00
# Visual Studio 15
VisualStudioVersion = 15.0.26730.8
MinimumVisualStudioVersion = 10.0.40219.1
Project("{FAE04EC0-301F-11D3-BF4B-00C04F79EFBC}") = "ObjectTest", "ObjectTest\ObjectTest.csproj", "{9B126756-08EC-490D-879C-2A0B75C0D813}"
EndProject
Global
	GlobalSection(SolutionConfigurationPlatforms) = preSolution
		Debug|Any CPU = Debug|Any CPU
		Release|Any CPU = Release|Any CPU
	EndGlobalSection
	GlobalSection(ProjectConfigurationPlatforms) = postSolution
		{9B126756-08EC-490D-879C-2A0B75C0D813}.Debug|Any CPU.ActiveCfg = Debug|Any CPU
		{9B126756-08EC-490D-879C-2A0B75C0D813}.Debug|Any CPU.Build.0 = Debug|Any CPU
		{9B126756-08EC-490D-879C-2A0B75C0D813}.Release|Any CPU.ActiveCfg = Release|Any CPU
		{9B126756-08EC-490D-879C-2A0B75C0D813}.Release|Any CPU.Build.0 = Release|Any CPU
	EndGlobalSection
	GlobalSection(SolutionProperties) = preSolution
		HideSolutionNode = FALSE
	EndGlobalSection
	GlobalSection(ExtensibilityGlobals) = postSolution
		SolutionGuid = {3B52B915-1651-406E-99D4-E8559B62CFF3}
	EndGlobalSection
EndGlobal
